<Solution>
  <Folder Name="/Éléments de solution/">
    <File Path=".gitignore" />
    <File Path="README.md" />
  </Folder>
  <Folder Name="/Éléments de solution/docs/">
    <File Path="docs/images/migration-azure.png" />
  </Folder>
  <Folder Name="/Éléments de solution/docs/images/" />
  <Project Path="GameVerse.API/GameVerse.API.csproj" />
  <Project Path="GameVerse.WEB/GameVerse.WEB.csproj" />
</Solution>
