<Solution>
  <Folder Name="/GameVerse.Tests/">
    <Project Path="GameVerse.Tests/GameVerse.TESTS.csproj" />
  </Folder>
  <Folder Name="/Éléments de solution/">
    <File Path=".gitignore" />
    <File Path="README.md" />
  </Folder>
  <Folder Name="/Éléments de solution/docs/" />
  <Folder Name="/Éléments de solution/docs/images/">
    <File Path="docs/images/Bibliotheque.png" />
    <File Path="docs/images/Catalogue.png" />
    <File Path="docs/images/Details.png" />
    <File Path="docs/images/Favoris.png" />
    <File Path="docs/images/Home.png" />
    <File Path="docs/images/Login.png" />
    <File Path="docs/images/migration-azure.png" />
    <File Path="docs/images/NotFound.png" />
    <File Path="docs/images/Profile.png" />
    <File Path="docs/images/Register.png" />
    <File Path="docs/images/Souhaits.png" />
  </Folder>
  <Project Path="GameVerse.API/GameVerse.API.csproj" />
  <Project Path="GameVerse.Shared/GameVerse.SHARED.csproj" />
  <Project Path="GameVerse.WEB/GameVerse.WEB.csproj" />
</Solution>
