<Solution>
  <Folder Name="/Éléments de solution/">
    <File Path=".gitignore" />
    <File Path="README.md" />
  </Folder>
  <Folder Name="/Éléments de solution/docs/" />
  <Folder Name="/Éléments de solution/docs/images/">
    <File Path="migration-azure.png" />
  </Folder>
  <Project Path="GameVerse.API/GameVerse.API.csproj" />
</Solution>
